// !$*UTF8*$!
{
	archiveVersion = 1;
	classes = {
	};
	objectVersion = 46;
	objects = {

/* Begin PBXBuildFile section */
		83ABB0761DB163D4008EB59D /* .swift-version in Resources */ = {isa = PBXBuildFile; fileRef = 83ABB0751DB163D4008EB59D /* .swift-version */; };
		D9A473021CBC603B001D3A59 /* FDSoundActivatedRecorder.h in Headers */ = {isa = PBXBuildFile; fileRef = D9A473011CBC603B001D3A59 /* FDSoundActivatedRecorder.h */; settings = {ATTRIBUTES = (Public, ); }; };
		D9A473091CBC603B001D3A59 /* FDSoundActivatedRecorder.framework in Frameworks */ = {isa = PBXBuildFile; fileRef = D9A472FE1CBC603B001D3A59 /* FDSoundActivatedRecorder.framework */; };
		D9A4730E1CBC603B001D3A59 /* FDSoundActivatedRecorderTests.swift in Sources */ = {isa = PBXBuildFile; fileRef = D9A4730D1CBC603B001D3A59 /* FDSoundActivatedRecorderTests.swift */; };
		D9A473191CBC6061001D3A59 /* FDSoundActivatedRecorder.swift in Sources */ = {isa = PBXBuildFile; fileRef = D9A473181CBC6061001D3A59 /* FDSoundActivatedRecorder.swift */; };
/* End PBXBuildFile section */

/* Begin PBXContainerItemProxy section */
		D9A4730A1CBC603B001D3A59 /* PBXContainerItemProxy */ = {
			isa = PBXContainerItemProxy;
			containerPortal = D9A472F51CBC603B001D3A59 /* Project object */;
			proxyType = 1;
			remoteGlobalIDString = D9A472FD1CBC603B001D3A59;
			remoteInfo = FDSoundActivatedRecorder;
		};
/* End PBXContainerItemProxy section */

/* Begin PBXFileReference section */
		83ABB0751DB163D4008EB59D /* .swift-version */ = {isa = PBXFileReference; fileEncoding = 4; lastKnownFileType = text; path = ".swift-version"; sourceTree = "<group>"; };
		D9A472FE1CBC603B001D3A59 /* FDSoundActivatedRecorder.framework */ = {isa = PBXFileReference; explicitFileType = wrapper.framework; includeInIndex = 0; path = FDSoundActivatedRecorder.framework; sourceTree = BUILT_PRODUCTS_DIR; };
		D9A473011CBC603B001D3A59 /* FDSoundActivatedRecorder.h */ = {isa = PBXFileReference; lastKnownFileType = sourcecode.c.h; path = FDSoundActivatedRecorder.h; sourceTree = "<group>"; };
		D9A473031CBC603B001D3A59 /* Info.plist */ = {isa = PBXFileReference; lastKnownFileType = text.plist.xml; path = Info.plist; sourceTree = "<group>"; };
		D9A473081CBC603B001D3A59 /* FDSoundActivatedRecorderTests.xctest */ = {isa = PBXFileReference; explicitFileType = wrapper.cfbundle; includeInIndex = 0; path = FDSoundActivatedRecorderTests.xctest; sourceTree = BUILT_PRODUCTS_DIR; };
		D9A4730D1CBC603B001D3A59 /* FDSoundActivatedRecorderTests.swift */ = {isa = PBXFileReference; lastKnownFileType = sourcecode.swift; path = FDSoundActivatedRecorderTests.swift; sourceTree = "<group>"; };
		D9A4730F1CBC603B001D3A59 /* Info.plist */ = {isa = PBXFileReference; lastKnownFileType = text.plist.xml; path = Info.plist; sourceTree = "<group>"; };
		D9A473181CBC6061001D3A59 /* FDSoundActivatedRecorder.swift */ = {isa = PBXFileReference; fileEncoding = 4; lastKnownFileType = sourcecode.swift; path = FDSoundActivatedRecorder.swift; sourceTree = "<group>"; };
/* End PBXFileReference section */

/* Begin PBXFrameworksBuildPhase section */
		D9A472FA1CBC603B001D3A59 /* Frameworks */ = {
			isa = PBXFrameworksBuildPhase;
			buildActionMask = 2147483647;
			files = (
			);
			runOnlyForDeploymentPostprocessing = 0;
		};
		D9A473051CBC603B001D3A59 /* Frameworks */ = {
			isa = PBXFrameworksBuildPhase;
			buildActionMask = 2147483647;
			files = (
				D9A473091CBC603B001D3A59 /* FDSoundActivatedRecorder.framework in Frameworks */,
			);
			runOnlyForDeploymentPostprocessing = 0;
		};
/* End PBXFrameworksBuildPhase section */

/* Begin PBXGroup section */
		D9A472F41CBC603B001D3A59 = {
			isa = PBXGroup;
			children = (
				D9A473001CBC603B001D3A59 /* FDSoundActivatedRecorder */,
				D9A4730C1CBC603B001D3A59 /* FDSoundActivatedRecorderTests */,
				D9A472FF1CBC603B001D3A59 /* Products */,
			);
			sourceTree = "<group>";
		};
		D9A472FF1CBC603B001D3A59 /* Products */ = {
			isa = PBXGroup;
			children = (
				D9A472FE1CBC603B001D3A59 /* FDSoundActivatedRecorder.framework */,
				D9A473081CBC603B001D3A59 /* FDSoundActivatedRecorderTests.xctest */,
			);
			name = Products;
			sourceTree = "<group>";
		};
		D9A473001CBC603B001D3A59 /* FDSoundActivatedRecorder */ = {
			isa = PBXGroup;
			children = (
				D9A473011CBC603B001D3A59 /* FDSoundActivatedRecorder.h */,
				D9A473031CBC603B001D3A59 /* Info.plist */,
				D9A473181CBC6061001D3A59 /* FDSoundActivatedRecorder.swift */,
				83ABB0751DB163D4008EB59D /* .swift-version */,
			);
			path = FDSoundActivatedRecorder;
			sourceTree = "<group>";
		};
		D9A4730C1CBC603B001D3A59 /* FDSoundActivatedRecorderTests */ = {
			isa = PBXGroup;
			children = (
				D9A4730D1CBC603B001D3A59 /* FDSoundActivatedRecorderTests.swift */,
				D9A4730F1CBC603B001D3A59 /* Info.plist */,
			);
			path = FDSoundActivatedRecorderTests;
			sourceTree = "<group>";
		};
/* End PBXGroup section */

/* Begin PBXHeadersBuildPhase section */
		D9A472FB1CBC603B001D3A59 /* Headers */ = {
			isa = PBXHeadersBuildPhase;
			buildActionMask = 2147483647;
			files = (
				D9A473021CBC603B001D3A59 /* FDSoundActivatedRecorder.h in Headers */,
			);
			runOnlyForDeploymentPostprocessing = 0;
		};
/* End PBXHeadersBuildPhase section */

/* Begin PBXNativeTarget section */
		D9A472FD1CBC603B001D3A59 /* FDSoundActivatedRecorder */ = {
			isa = PBXNativeTarget;
			buildConfigurationList = D9A473121CBC603B001D3A59 /* Build configuration list for PBXNativeTarget "FDSoundActivatedRecorder" */;
			buildPhases = (
				D9A472F91CBC603B001D3A59 /* Sources */,
				D9A472FA1CBC603B001D3A59 /* Frameworks */,
				D9A472FB1CBC603B001D3A59 /* Headers */,
				D9A472FC1CBC603B001D3A59 /* Resources */,
			);
			buildRules = (
			);
			dependencies = (
			);
			name = FDSoundActivatedRecorder;
			productName = FDSoundActivatedRecorder;
			productReference = D9A472FE1CBC603B001D3A59 /* FDSoundActivatedRecorder.framework */;
			productType = "com.apple.product-type.framework";
		};
		D9A473071CBC603B001D3A59 /* FDSoundActivatedRecorderTests */ = {
			isa = PBXNativeTarget;
			buildConfigurationList = D9A473151CBC603B001D3A59 /* Build configuration list for PBXNativeTarget "FDSoundActivatedRecorderTests" */;
			buildPhases = (
				D9A473041CBC603B001D3A59 /* Sources */,
				D9A473051CBC603B001D3A59 /* Frameworks */,
				D9A473061CBC603B001D3A59 /* Resources */,
			);
			buildRules = (
			);
			dependencies = (
				D9A4730B1CBC603B001D3A59 /* PBXTargetDependency */,
			);
			name = FDSoundActivatedRecorderTests;
			productName = FDSoundActivatedRecorderTests;
			productReference = D9A473081CBC603B001D3A59 /* FDSoundActivatedRecorderTests.xctest */;
			productType = "com.apple.product-type.bundle.unit-test";
		};
/* End PBXNativeTarget section */

/* Begin PBXProject section */
		D9A472F51CBC603B001D3A59 /* Project object */ = {
			isa = PBXProject;
			attributes = {
				LastSwiftUpdateCheck = 0730;
				LastUpgradeCheck = 0830;
				ORGANIZATIONNAME = "William Entriken";
				TargetAttributes = {
					D9A472FD1CBC603B001D3A59 = {
						CreatedOnToolsVersion = 7.3;
						LastSwiftMigration = 0800;
					};
					D9A473071CBC603B001D3A59 = {
						CreatedOnToolsVersion = 7.3;
						DevelopmentTeam = JGQ8PS3LX4;
						LastSwiftMigration = 0800;
					};
				};
			};
			buildConfigurationList = D9A472F81CBC603B001D3A59 /* Build configuration list for PBXProject "FDSoundActivatedRecorder" */;
			compatibilityVersion = "Xcode 3.2";
			developmentRegion = English;
			hasScannedForEncodings = 0;
			knownRegions = (
				en,
			);
			mainGroup = D9A472F41CBC603B001D3A59;
			productRefGroup = D9A472FF1CBC603B001D3A59 /* Products */;
			projectDirPath = "";
			projectRoot = "";
			targets = (
				D9A472FD1CBC603B001D3A59 /* FDSoundActivatedRecorder */,
				D9A473071CBC603B001D3A59 /* FDSoundActivatedRecorderTests */,
			);
		};
/* End PBXProject section */

/* Begin PBXResourcesBuildPhase section */
		D9A472FC1CBC603B001D3A59 /* Resources */ = {
			isa = PBXResourcesBuildPhase;
			buildActionMask = 2147483647;
			files = (
				83ABB0761DB163D4008EB59D /* .swift-version in Resources */,
			);
			runOnlyForDeploymentPostprocessing = 0;
		};
		D9A473061CBC603B001D3A59 /* Resources */ = {
			isa = PBXResourcesBuildPhase;
			buildActionMask = 2147483647;
			files = (
			);
			runOnlyForDeploymentPostprocessing = 0;
		};
/* End PBXResourcesBuildPhase section */

/* Begin PBXSourcesBuildPhase section */
		D9A472F91CBC603B001D3A59 /* Sources */ = {
			isa = PBXSourcesBuildPhase;
			buildActionMask = 2147483647;
			files = (
				D9A473191CBC6061001D3A59 /* FDSoundActivatedRecorder.swift in Sources */,
			);
			runOnlyForDeploymentPostprocessing = 0;
		};
		D9A473041CBC603B001D3A59 /* Sources */ = {
			isa = PBXSourcesBuildPhase;
			buildActionMask = 2147483647;
			files = (
				D9A4730E1CBC603B001D3A59 /* FDSoundActivatedRecorderTests.swift in Sources */,
			);
			runOnlyForDeploymentPostprocessing = 0;
		};
/* End PBXSourcesBuildPhase section */

/* Begin PBXTargetDependency section */
		D9A4730B1CBC603B001D3A59 /* PBXTargetDependency */ = {
			isa = PBXTargetDependency;
			target = D9A472FD1CBC603B001D3A59 /* FDSoundActivatedRecorder */;
			targetProxy = D9A4730A1CBC603B001D3A59 /* PBXContainerItemProxy */;
		};
/* End PBXTargetDependency section */

/* Begin XCBuildConfiguration section */
		D9A473101CBC603B001D3A59 /* Debug */ = {
			isa = XCBuildConfiguration;
			buildSettings = {
				ALWAYS_SEARCH_USER_PATHS = NO;
				CLANG_ANALYZER_NONNULL = YES;
				CLANG_CXX_LANGUAGE_STANDARD = "gnu++0x";
				CLANG_CXX_LIBRARY = "libc++";
				CLANG_ENABLE_MODULES = YES;
				CLANG_ENABLE_OBJC_ARC = YES;
				CLANG_WARN_BOOL_CONVERSION = YES;
				CLANG_WARN_CONSTANT_CONVERSION = YES;
				CLANG_WARN_DIRECT_OBJC_ISA_USAGE = YES_ERROR;
				CLANG_WARN_EMPTY_BODY = YES;
				CLANG_WARN_ENUM_CONVERSION = YES;
				CLANG_WARN_INFINITE_RECURSION = YES;
				CLANG_WARN_INT_CONVERSION = YES;
				CLANG_WARN_OBJC_ROOT_CLASS = YES_ERROR;
				CLANG_WARN_SUSPICIOUS_MOVE = YES;
				CLANG_WARN_UNREACHABLE_CODE = YES;
				CLANG_WARN__DUPLICATE_METHOD_MATCH = YES;
				"CODE_SIGN_IDENTITY[sdk=iphoneos*]" = "iPhone Developer";
				COPY_PHASE_STRIP = NO;
				CURRENT_PROJECT_VERSION = 1;
				DEBUG_INFORMATION_FORMAT = dwarf;
				ENABLE_STRICT_OBJC_MSGSEND = YES;
				ENABLE_TESTABILITY = YES;
				GCC_C_LANGUAGE_STANDARD = gnu99;
				GCC_DYNAMIC_NO_PIC = NO;
				GCC_NO_COMMON_BLOCKS = YES;
				GCC_OPTIMIZATION_LEVEL = 0;
				GCC_PREPROCESSOR_DEFINITIONS = (
					"DEBUG=1",
					"$(inherited)",
				);
				GCC_WARN_64_TO_32_BIT_CONVERSION = YES;
				GCC_WARN_ABOUT_RETURN_TYPE = YES_ERROR;
				GCC_WARN_UNDECLARED_SELECTOR = YES;
				GCC_WARN_UNINITIALIZED_AUTOS = YES_AGGRESSIVE;
				GCC_WARN_UNUSED_FUNCTION = YES;
				GCC_WARN_UNUSED_VARIABLE = YES;
				IPHONEOS_DEPLOYMENT_TARGET = 9.3;
				MTL_ENABLE_DEBUG_INFO = YES;
				ONLY_ACTIVE_ARCH = YES;
				SDKROOT = iphoneos;
				SWIFT_OPTIMIZATION_LEVEL = "-Onone";
				SWIFT_VERSION = 3.0;
				TARGETED_DEVICE_FAMILY = "1,2";
				VERSIONING_SYSTEM = "apple-generic";
				VERSION_INFO_PREFIX = "";
			};
			name = Debug;
		};
		D9A473111CBC603B001D3A59 /* Release */ = {
			isa = XCBuildConfiguration;
			buildSettings = {
				ALWAYS_SEARCH_USER_PATHS = NO;
				CLANG_ANALYZER_NONNULL = YES;
				CLANG_CXX_LANGUAGE_STANDARD = "gnu++0x";
				CLANG_CXX_LIBRARY = "libc++";
				CLANG_ENABLE_MODULES = YES;
				CLANG_ENABLE_OBJC_ARC = YES;
				CLANG_WARN_BOOL_CONVERSION = YES;
				CLANG_WARN_CONSTANT_CONVERSION = YES;
				CLANG_WARN_DIRECT_OBJC_ISA_USAGE = YES_ERROR;
				CLANG_WARN_EMPTY_BODY = YES;
				CLANG_WARN_ENUM_CONVERSION = YES;
				CLANG_WARN_INFINITE_RECURSION = YES;
				CLANG_WARN_INT_CONVERSION = YES;
				CLANG_WARN_OBJC_ROOT_CLASS = YES_ERROR;
				CLANG_WARN_SUSPICIOUS_MOVE = YES;
				CLANG_WARN_UNREACHABLE_CODE = YES;
				CLANG_WARN__DUPLICATE_METHOD_MATCH = YES;
				"CODE_SIGN_IDENTITY[sdk=iphoneos*]" = "iPhone Developer";
				COPY_PHASE_STRIP = NO;
				CURRENT_PROJECT_VERSION = 1;
				DEBUG_INFORMATION_FORMAT = "dwarf-with-dsym";
				ENABLE_NS_ASSERTIONS = NO;
				ENABLE_STRICT_OBJC_MSGSEND = YES;
				GCC_C_LANGUAGE_STANDARD = gnu99;
				GCC_NO_COMMON_BLOCKS = YES;
				GCC_WARN_64_TO_32_BIT_CONVERSION = YES;
				GCC_WARN_ABOUT_RETURN_TYPE = YES_ERROR;
				GCC_WARN_UNDECLARED_SELECTOR = YES;
				GCC_WARN_UNINITIALIZED_AUTOS = YES_AGGRESSIVE;
				GCC_WARN_UNUSED_FUNCTION = YES;
				GCC_WARN_UNUSED_VARIABLE = YES;
				IPHONEOS_DEPLOYMENT_TARGET = 9.3;
				MTL_ENABLE_DEBUG_INFO = NO;
				SDKROOT = iphoneos;
				SWIFT_OPTIMIZATION_LEVEL = "-Owholemodule";
				SWIFT_VERSION = 3.0;
				TARGETED_DEVICE_FAMILY = "1,2";
				VALIDATE_PRODUCT = YES;
				VERSIONING_SYSTEM = "apple-generic";
				VERSION_INFO_PREFIX = "";
			};
			name = Release;
		};
		D9A473131CBC603B001D3A59 /* Debug */ = {
			isa = XCBuildConfiguration;
			buildSettings = {
				CLANG_ENABLE_MODULES = YES;
				"CODE_SIGN_IDENTITY[sdk=iphoneos*]" = "";
				DEFINES_MODULE = YES;
				DEVELOPMENT_TEAM = "";
				DYLIB_COMPATIBILITY_VERSION = 1;
				DYLIB_CURRENT_VERSION = 1;
				DYLIB_INSTALL_NAME_BASE = "@rpath";
				INFOPLIST_FILE = FDSoundActivatedRecorder/Info.plist;
				INSTALL_PATH = "$(LOCAL_LIBRARY_DIR)/Frameworks";
				LD_RUNPATH_SEARCH_PATHS = "$(inherited) @executable_path/Frameworks @loader_path/Frameworks";
				PRODUCT_BUNDLE_IDENTIFIER = net.phor.FDSoundActivatedRecorder.FDSoundActivatedRecorder;
				PRODUCT_NAME = "$(TARGET_NAME)";
				SKIP_INSTALL = YES;
				SWIFT_OPTIMIZATION_LEVEL = "-Onone";
				SWIFT_VERSION = 3.0;
			};
			name = Debug;
		};
		D9A473141CBC603B001D3A59 /* Release */ = {
			isa = XCBuildConfiguration;
			buildSettings = {
				CLANG_ENABLE_MODULES = YES;
				"CODE_SIGN_IDENTITY[sdk=iphoneos*]" = "";
				DEFINES_MODULE = YES;
				DEVELOPMENT_TEAM = "";
				DYLIB_COMPATIBILITY_VERSION = 1;
				DYLIB_CURRENT_VERSION = 1;
				DYLIB_INSTALL_NAME_BASE = "@rpath";
				INFOPLIST_FILE = FDSoundActivatedRecorder/Info.plist;
				INSTALL_PATH = "$(LOCAL_LIBRARY_DIR)/Frameworks";
				LD_RUNPATH_SEARCH_PATHS = "$(inherited) @executable_path/Frameworks @loader_path/Frameworks";
				PRODUCT_BUNDLE_IDENTIFIER = net.phor.FDSoundActivatedRecorder.FDSoundActivatedRecorder;
				PRODUCT_NAME = "$(TARGET_NAME)";
				SKIP_INSTALL = YES;
				SWIFT_VERSION = 3.0;
			};
			name = Release;
		};
		D9A473161CBC603B001D3A59 /* Debug */ = {
			isa = XCBuildConfiguration;
			buildSettings = {
				DEVELOPMENT_TEAM = JGQ8PS3LX4;
				INFOPLIST_FILE = FDSoundActivatedRecorderTests/Info.plist;
				LD_RUNPATH_SEARCH_PATHS = "$(inherited) @executable_path/Frameworks @loader_path/Frameworks";
				PRODUCT_BUNDLE_IDENTIFIER = net.phor.FDSoundActivatedRecorder.FDSoundActivatedRecorderTests;
				PRODUCT_NAME = "$(TARGET_NAME)";
				SWIFT_VERSION = 3.0;
			};
			name = Debug;
		};
		D9A473171CBC603B001D3A59 /* Release */ = {
			isa = XCBuildConfiguration;
			buildSettings = {
				DEVELOPMENT_TEAM = JGQ8PS3LX4;
				INFOPLIST_FILE = FDSoundActivatedRecorderTests/Info.plist;
				LD_RUNPATH_SEARCH_PATHS = "$(inherited) @executable_path/Frameworks @loader_path/Frameworks";
				PRODUCT_BUNDLE_IDENTIFIER = net.phor.FDSoundActivatedRecorder.FDSoundActivatedRecorderTests;
				PRODUCT_NAME = "$(TARGET_NAME)";
				SWIFT_VERSION = 3.0;
			};
			name = Release;
		};
/* End XCBuildConfiguration section */

/* Begin XCConfigurationList section */
		D9A472F81CBC603B001D3A59 /* Build configuration list for PBXProject "FDSoundActivatedRecorder" */ = {
			isa = XCConfigurationList;
			buildConfigurations = (
				D9A473101CBC603B001D3A59 /* Debug */,
				D9A473111CBC603B001D3A59 /* Release */,
			);
			defaultConfigurationIsVisible = 0;
			defaultConfigurationName = Release;
		};
		D9A473121CBC603B001D3A59 /* Build configuration list for PBXNativeTarget "FDSoundActivatedRecorder" */ = {
			isa = XCConfigurationList;
			buildConfigurations = (
				D9A473131CBC603B001D3A59 /* Debug */,
				D9A473141CBC603B001D3A59 /* Release */,
			);
			defaultConfigurationIsVisible = 0;
			defaultConfigurationName = Release;
		};
		D9A473151CBC603B001D3A59 /* Build configuration list for PBXNativeTarget "FDSoundActivatedRecorderTests" */ = {
			isa = XCConfigurationList;
			buildConfigurations = (
				D9A473161CBC603B001D3A59 /* Debug */,
				D9A473171CBC603B001D3A59 /* Release */,
			);
			defaultConfigurationIsVisible = 0;
			defaultConfigurationName = Release;
		};
/* End XCConfigurationList section */
	};
	rootObject = D9A472F51CBC603B001D3A59 /* Project object */;
}
