// !$*UTF8*$!
{
	archiveVersion = 1;
	classes = {
	};
	objectVersion = 46;
	objects = {

/* Begin PBXBuildFile section */
		D916CF3B1F6C52A000807AFD /* FDSoundActivatedRecorder.framework in Frameworks */ = {isa = PBXBuildFile; fileRef = D916CF3C1F6C52A000807AFD /* FDSoundActivatedRecorder.framework */; };
		D9A473271CBC6115001D3A59 /* AppDelegate.swift in Sources */ = {isa = PBXBuildFile; fileRef = D9A473261CBC6115001D3A59 /* AppDelegate.swift */; };
		D9A473291CBC6115001D3A59 /* ViewController.swift in Sources */ = {isa = PBXBuildFile; fileRef = D9A473281CBC6115001D3A59 /* ViewController.swift */; };
		D9A4732E1CBC6115001D3A59 /* Assets.xcassets in Resources */ = {isa = PBXBuildFile; fileRef = D9A4732D1CBC6115001D3A59 /* Assets.xcassets */; };
		D9A473391CBC6169001D3A59 /* LaunchScreen.storyboard in Resources */ = {isa = PBXBuildFile; fileRef = D9A473381CBC6169001D3A59 /* LaunchScreen.storyboard */; };
		D9A4733B1CBC6171001D3A59 /* Main.storyboard in Resources */ = {isa = PBXBuildFile; fileRef = D9A4733A1CBC6171001D3A59 /* Main.storyboard */; };
/* End PBXBuildFile section */

/* Begin PBXCopyFilesBuildPhase section */
		42017FED1DD277A8003694FF /* Embed Frameworks */ = {
			isa = PBXCopyFilesBuildPhase;
			buildActionMask = 2147483647;
			dstPath = "";
			dstSubfolderSpec = 10;
			files = (
			);
			name = "Embed Frameworks";
			runOnlyForDeploymentPostprocessing = 0;
		};
/* End PBXCopyFilesBuildPhase section */

/* Begin PBXFileReference section */
		D916CF3C1F6C52A000807AFD /* FDSoundActivatedRecorder.framework */ = {isa = PBXFileReference; explicitFileType = wrapper.framework; path = FDSoundActivatedRecorder.framework; sourceTree = BUILT_PRODUCTS_DIR; };
		D9A473231CBC6115001D3A59 /* FDSoundActivatedRecorderDemo.app */ = {isa = PBXFileReference; explicitFileType = wrapper.application; includeInIndex = 0; path = FDSoundActivatedRecorderDemo.app; sourceTree = BUILT_PRODUCTS_DIR; };
		D9A473261CBC6115001D3A59 /* AppDelegate.swift */ = {isa = PBXFileReference; lastKnownFileType = sourcecode.swift; path = AppDelegate.swift; sourceTree = "<group>"; };
		D9A473281CBC6115001D3A59 /* ViewController.swift */ = {isa = PBXFileReference; lastKnownFileType = sourcecode.swift; path = ViewController.swift; sourceTree = "<group>"; };
		D9A4732D1CBC6115001D3A59 /* Assets.xcassets */ = {isa = PBXFileReference; lastKnownFileType = folder.assetcatalog; path = Assets.xcassets; sourceTree = "<group>"; };
		D9A473321CBC6115001D3A59 /* Info.plist */ = {isa = PBXFileReference; lastKnownFileType = text.plist.xml; path = Info.plist; sourceTree = "<group>"; };
		D9A473381CBC6169001D3A59 /* LaunchScreen.storyboard */ = {isa = PBXFileReference; fileEncoding = 4; lastKnownFileType = file.storyboard; path = LaunchScreen.storyboard; sourceTree = "<group>"; };
		D9A4733A1CBC6171001D3A59 /* Main.storyboard */ = {isa = PBXFileReference; fileEncoding = 4; lastKnownFileType = file.storyboard; path = Main.storyboard; sourceTree = "<group>"; };
/* End PBXFileReference section */

/* Begin PBXFrameworksBuildPhase section */
		D9A473201CBC6115001D3A59 /* Frameworks */ = {
			isa = PBXFrameworksBuildPhase;
			buildActionMask = 2147483647;
			files = (
				D916CF3B1F6C52A000807AFD /* FDSoundActivatedRecorder.framework in Frameworks */,
			);
			runOnlyForDeploymentPostprocessing = 0;
		};
/* End PBXFrameworksBuildPhase section */

/* Begin PBXGroup section */
		D916CF3A1F6C52A000807AFD /* Frameworks */ = {
			isa = PBXGroup;
			children = (
				D916CF3C1F6C52A000807AFD /* FDSoundActivatedRecorder.framework */,
			);
			name = Frameworks;
			sourceTree = "<group>";
		};
		D9A4731A1CBC6115001D3A59 = {
			isa = PBXGroup;
			children = (
				D9A473251CBC6115001D3A59 /* FDSoundActivatedRecorderDemo */,
				D9A473241CBC6115001D3A59 /* Products */,
				D916CF3A1F6C52A000807AFD /* Frameworks */,
			);
			sourceTree = "<group>";
		};
		D9A473241CBC6115001D3A59 /* Products */ = {
			isa = PBXGroup;
			children = (
				D9A473231CBC6115001D3A59 /* FDSoundActivatedRecorderDemo.app */,
			);
			name = Products;
			sourceTree = "<group>";
		};
		D9A473251CBC6115001D3A59 /* FDSoundActivatedRecorderDemo */ = {
			isa = PBXGroup;
			children = (
				D9A473261CBC6115001D3A59 /* AppDelegate.swift */,
				D9A473281CBC6115001D3A59 /* ViewController.swift */,
				D9A473381CBC6169001D3A59 /* LaunchScreen.storyboard */,
				D9A4733A1CBC6171001D3A59 /* Main.storyboard */,
				D9A4732D1CBC6115001D3A59 /* Assets.xcassets */,
				D9A473321CBC6115001D3A59 /* Info.plist */,
			);
			path = FDSoundActivatedRecorderDemo;
			sourceTree = "<group>";
		};
/* End PBXGroup section */

/* Begin PBXNativeTarget section */
		D9A473221CBC6115001D3A59 /* FDSoundActivatedRecorderDemo */ = {
			isa = PBXNativeTarget;
			buildConfigurationList = D9A473351CBC6115001D3A59 /* Build configuration list for PBXNativeTarget "FDSoundActivatedRecorderDemo" */;
			buildPhases = (
				D9A4731F1CBC6115001D3A59 /* Sources */,
				D9A473201CBC6115001D3A59 /* Frameworks */,
				D9A473211CBC6115001D3A59 /* Resources */,
				42017FED1DD277A8003694FF /* Embed Frameworks */,
			);
			buildRules = (
			);
			dependencies = (
			);
			name = FDSoundActivatedRecorderDemo;
			productName = FDSoundActivatedRecorderDemo;
			productReference = D9A473231CBC6115001D3A59 /* FDSoundActivatedRecorderDemo.app */;
			productType = "com.apple.product-type.application";
		};
/* End PBXNativeTarget section */

/* Begin PBXProject section */
		D9A4731B1CBC6115001D3A59 /* Project object */ = {
			isa = PBXProject;
			attributes = {
				LastSwiftUpdateCheck = 0730;
				LastUpgradeCheck = 1020;
				ORGANIZATIONNAME = "William Entriken";
				TargetAttributes = {
					D9A473221CBC6115001D3A59 = {
						CreatedOnToolsVersion = 7.3;
						DevelopmentTeam = 8Q693ZG5RN;
						LastSwiftMigration = 0900;
					};
				};
			};
			buildConfigurationList = D9A4731E1CBC6115001D3A59 /* Build configuration list for PBXProject "FDSoundActivatedRecorderDemo" */;
			compatibilityVersion = "Xcode 3.2";
			developmentRegion = en;
			hasScannedForEncodings = 0;
			knownRegions = (
				en,
				Base,
			);
			mainGroup = D9A4731A1CBC6115001D3A59;
			productRefGroup = D9A473241CBC6115001D3A59 /* Products */;
			projectDirPath = "";
			projectRoot = "";
			targets = (
				D9A473221CBC6115001D3A59 /* FDSoundActivatedRecorderDemo */,
			);
		};
/* End PBXProject section */

/* Begin PBXResourcesBuildPhase section */
		D9A473211CBC6115001D3A59 /* Resources */ = {
			isa = PBXResourcesBuildPhase;
			buildActionMask = 2147483647;
			files = (
				D9A4733B1CBC6171001D3A59 /* Main.storyboard in Resources */,
				D9A4732E1CBC6115001D3A59 /* Assets.xcassets in Resources */,
				D9A473391CBC6169001D3A59 /* LaunchScreen.storyboard in Resources */,
			);
			runOnlyForDeploymentPostprocessing = 0;
		};
/* End PBXResourcesBuildPhase section */

/* Begin PBXSourcesBuildPhase section */
		D9A4731F1CBC6115001D3A59 /* Sources */ = {
			isa = PBXSourcesBuildPhase;
			buildActionMask = 2147483647;
			files = (
				D9A473291CBC6115001D3A59 /* ViewController.swift in Sources */,
				D9A473271CBC6115001D3A59 /* AppDelegate.swift in Sources */,
			);
			runOnlyForDeploymentPostprocessing = 0;
		};
/* End PBXSourcesBuildPhase section */

/* Begin XCBuildConfiguration section */
		D9A473331CBC6115001D3A59 /* Debug */ = {
			isa = XCBuildConfiguration;
			buildSettings = {
				ALWAYS_SEARCH_USER_PATHS = NO;
				CLANG_ANALYZER_LOCALIZABILITY_NONLOCALIZED = YES;
				CLANG_ANALYZER_NONNULL = YES;
				CLANG_CXX_LANGUAGE_STANDARD = "gnu++0x";
				CLANG_CXX_LIBRARY = "libc++";
				CLANG_ENABLE_MODULES = YES;
				CLANG_ENABLE_OBJC_ARC = YES;
				CLANG_WARN_BLOCK_CAPTURE_AUTORELEASING = YES;
				CLANG_WARN_BOOL_CONVERSION = YES;
				CLANG_WARN_COMMA = YES;
				CLANG_WARN_CONSTANT_CONVERSION = YES;
				CLANG_WARN_DEPRECATED_OBJC_IMPLEMENTATIONS = YES;
				CLANG_WARN_DIRECT_OBJC_ISA_USAGE = YES_ERROR;
				CLANG_WARN_EMPTY_BODY = YES;
				CLANG_WARN_ENUM_CONVERSION = YES;
				CLANG_WARN_INFINITE_RECURSION = YES;
				CLANG_WARN_INT_CONVERSION = YES;
				CLANG_WARN_NON_LITERAL_NULL_CONVERSION = YES;
				CLANG_WARN_OBJC_IMPLICIT_RETAIN_SELF = YES;
				CLANG_WARN_OBJC_LITERAL_CONVERSION = YES;
				CLANG_WARN_OBJC_ROOT_CLASS = YES_ERROR;
				CLANG_WARN_RANGE_LOOP_ANALYSIS = YES;
				CLANG_WARN_STRICT_PROTOTYPES = YES;
				CLANG_WARN_SUSPICIOUS_MOVE = YES;
				CLANG_WARN_UNREACHABLE_CODE = YES;
				CLANG_WARN__DUPLICATE_METHOD_MATCH = YES;
				"CODE_SIGN_IDENTITY[sdk=iphoneos*]" = "iPhone Developer";
				COPY_PHASE_STRIP = NO;
				DEBUG_INFORMATION_FORMAT = dwarf;
				ENABLE_STRICT_OBJC_MSGSEND = YES;
				ENABLE_TESTABILITY = YES;
				GCC_C_LANGUAGE_STANDARD = gnu99;
				GCC_DYNAMIC_NO_PIC = NO;
				GCC_NO_COMMON_BLOCKS = YES;
				GCC_OPTIMIZATION_LEVEL = 0;
				GCC_PREPROCESSOR_DEFINITIONS = (
					"DEBUG=1",
					"$(inherited)",
				);
				GCC_WARN_64_TO_32_BIT_CONVERSION = YES;
				GCC_WARN_ABOUT_RETURN_TYPE = YES_ERROR;
				GCC_WARN_UNDECLARED_SELECTOR = YES;
				GCC_WARN_UNINITIALIZED_AUTOS = YES_AGGRESSIVE;
				GCC_WARN_UNUSED_FUNCTION = YES;
				GCC_WARN_UNUSED_VARIABLE = YES;
				IPHONEOS_DEPLOYMENT_TARGET = 10.3;
				MTL_ENABLE_DEBUG_INFO = YES;
				ONLY_ACTIVE_ARCH = YES;
				SDKROOT = iphoneos;
				SWIFT_OPTIMIZATION_LEVEL = "-Onone";
				TARGETED_DEVICE_FAMILY = "1,2";
			};
			name = Debug;
		};
		D9A473341CBC6115001D3A59 /* Release */ = {
			isa = XCBuildConfiguration;
			buildSettings = {
				ALWAYS_SEARCH_USER_PATHS = NO;
				CLANG_ANALYZER_LOCALIZABILITY_NONLOCALIZED = YES;
				CLANG_ANALYZER_NONNULL = YES;
				CLANG_CXX_LANGUAGE_STANDARD = "gnu++0x";
				CLANG_CXX_LIBRARY = "libc++";
				CLANG_ENABLE_MODULES = YES;
				CLANG_ENABLE_OBJC_ARC = YES;
				CLANG_WARN_BLOCK_CAPTURE_AUTORELEASING = YES;
				CLANG_WARN_BOOL_CONVERSION = YES;
				CLANG_WARN_COMMA = YES;
				CLANG_WARN_CONSTANT_CONVERSION = YES;
				CLANG_WARN_DEPRECATED_OBJC_IMPLEMENTATIONS = YES;
				CLANG_WARN_DIRECT_OBJC_ISA_USAGE = YES_ERROR;
				CLANG_WARN_EMPTY_BODY = YES;
				CLANG_WARN_ENUM_CONVERSION = YES;
				CLANG_WARN_INFINITE_RECURSION = YES;
				CLANG_WARN_INT_CONVERSION = YES;
				CLANG_WARN_NON_LITERAL_NULL_CONVERSION = YES;
				CLANG_WARN_OBJC_IMPLICIT_RETAIN_SELF = YES;
				CLANG_WARN_OBJC_LITERAL_CONVERSION = YES;
				CLANG_WARN_OBJC_ROOT_CLASS = YES_ERROR;
				CLANG_WARN_RANGE_LOOP_ANALYSIS = YES;
				CLANG_WARN_STRICT_PROTOTYPES = YES;
				CLANG_WARN_SUSPICIOUS_MOVE = YES;
				CLANG_WARN_UNREACHABLE_CODE = YES;
				CLANG_WARN__DUPLICATE_METHOD_MATCH = YES;
				"CODE_SIGN_IDENTITY[sdk=iphoneos*]" = "iPhone Developer";
				COPY_PHASE_STRIP = NO;
				DEBUG_INFORMATION_FORMAT = "dwarf-with-dsym";
				ENABLE_NS_ASSERTIONS = NO;
				ENABLE_STRICT_OBJC_MSGSEND = YES;
				GCC_C_LANGUAGE_STANDARD = gnu99;
				GCC_NO_COMMON_BLOCKS = YES;
				GCC_WARN_64_TO_32_BIT_CONVERSION = YES;
				GCC_WARN_ABOUT_RETURN_TYPE = YES_ERROR;
				GCC_WARN_UNDECLARED_SELECTOR = YES;
				GCC_WARN_UNINITIALIZED_AUTOS = YES_AGGRESSIVE;
				GCC_WARN_UNUSED_FUNCTION = YES;
				GCC_WARN_UNUSED_VARIABLE = YES;
				IPHONEOS_DEPLOYMENT_TARGET = 10.3;
				MTL_ENABLE_DEBUG_INFO = NO;
				SDKROOT = iphoneos;
				SWIFT_OPTIMIZATION_LEVEL = "-Owholemodule";
				TARGETED_DEVICE_FAMILY = "1,2";
				VALIDATE_PRODUCT = YES;
			};
			name = Release;
		};
		D9A473361CBC6115001D3A59 /* Debug */ = {
			isa = XCBuildConfiguration;
			buildSettings = {
				ASSETCATALOG_COMPILER_APPICON_NAME = AppIcon;
				DEVELOPMENT_TEAM = 8Q693ZG5RN;
				INFOPLIST_FILE = FDSoundActivatedRecorderDemo/Info.plist;
				LD_RUNPATH_SEARCH_PATHS = "$(inherited) @executable_path/Frameworks";
				PRODUCT_BUNDLE_IDENTIFIER = net.phor.FDSoundActivatedRecorderDemo.FDSoundActivatedRecorderDemo;
				PRODUCT_NAME = "$(TARGET_NAME)";
				SWIFT_SWIFT3_OBJC_INFERENCE = On;
				SWIFT_VERSION = 4.0;
			};
			name = Debug;
		};
		D9A473371CBC6115001D3A59 /* Release */ = {
			isa = XCBuildConfiguration;
			buildSettings = {
				ASSETCATALOG_COMPILER_APPICON_NAME = AppIcon;
				DEVELOPMENT_TEAM = 8Q693ZG5RN;
				INFOPLIST_FILE = FDSoundActivatedRecorderDemo/Info.plist;
				LD_RUNPATH_SEARCH_PATHS = "$(inherited) @executable_path/Frameworks";
				PRODUCT_BUNDLE_IDENTIFIER = net.phor.FDSoundActivatedRecorderDemo.FDSoundActivatedRecorderDemo;
				PRODUCT_NAME = "$(TARGET_NAME)";
				SWIFT_SWIFT3_OBJC_INFERENCE = On;
				SWIFT_VERSION = 4.0;
			};
			name = Release;
		};
/* End XCBuildConfiguration section */

/* Begin XCConfigurationList section */
		D9A4731E1CBC6115001D3A59 /* Build configuration list for PBXProject "FDSoundActivatedRecorderDemo" */ = {
			isa = XCConfigurationList;
			buildConfigurations = (
				D9A473331CBC6115001D3A59 /* Debug */,
				D9A473341CBC6115001D3A59 /* Release */,
			);
			defaultConfigurationIsVisible = 0;
			defaultConfigurationName = Release;
		};
		D9A473351CBC6115001D3A59 /* Build configuration list for PBXNativeTarget "FDSoundActivatedRecorderDemo" */ = {
			isa = XCConfigurationList;
			buildConfigurations = (
				D9A473361CBC6115001D3A59 /* Debug */,
				D9A473371CBC6115001D3A59 /* Release */,
			);
			defaultConfigurationIsVisible = 0;
			defaultConfigurationName = Release;
		};
/* End XCConfigurationList section */
	};
	rootObject = D9A4731B1CBC6115001D3A59 /* Project object */;
}
