// !$*UTF8*$!
{
	archiveVersion = 1;
	classes = {
	};
	objectVersion = 46;
	objects = {

/* Begin PBXBuildFile section */
		D9D295821C5DBDDC00EC3A7B /* AppDelegate.swift in Sources */ = {isa = PBXBuildFile; fileRef = D9D295811C5DBDDC00EC3A7B /* AppDelegate.swift */; };
		D9D295841C5DBDDC00EC3A7B /* ViewController.swift in Sources */ = {isa = PBXBuildFile; fileRef = D9D295831C5DBDDC00EC3A7B /* ViewController.swift */; };
		D9D295871C5DBDDC00EC3A7B /* Main.storyboard in Resources */ = {isa = PBXBuildFile; fileRef = D9D295851C5DBDDC00EC3A7B /* Main.storyboard */; };
		D9D295891C5DBDDC00EC3A7B /* Assets.xcassets in Resources */ = {isa = PBXBuildFile; fileRef = D9D295881C5DBDDC00EC3A7B /* Assets.xcassets */; };
		D9D2958C1C5DBDDC00EC3A7B /* LaunchScreen.storyboard in Resources */ = {isa = PBXBuildFile; fileRef = D9D2958A1C5DBDDC00EC3A7B /* LaunchScreen.storyboard */; };
		D9D295971C5DBDDD00EC3A7B /* FDSoundActivatedRecorderTests.swift in Sources */ = {isa = PBXBuildFile; fileRef = D9D295961C5DBDDD00EC3A7B /* FDSoundActivatedRecorderTests.swift */; };
		D9D295A21C5DBDFF00EC3A7B /* FDSoundActivatedRecorder.swift in Sources */ = {isa = PBXBuildFile; fileRef = D9D295A11C5DBDFF00EC3A7B /* FDSoundActivatedRecorder.swift */; };
/* End PBXBuildFile section */

/* Begin PBXContainerItemProxy section */
		D9D295931C5DBDDD00EC3A7B /* PBXContainerItemProxy */ = {
			isa = PBXContainerItemProxy;
			containerPortal = D9D295761C5DBDDC00EC3A7B /* Project object */;
			proxyType = 1;
			remoteGlobalIDString = D9D2957D1C5DBDDC00EC3A7B;
			remoteInfo = FDSoundActivatedRecorder;
		};
/* End PBXContainerItemProxy section */

/* Begin PBXFileReference section */
		D9D2957E1C5DBDDC00EC3A7B /* FDSoundActivatedRecorder.app */ = {isa = PBXFileReference; explicitFileType = wrapper.application; includeInIndex = 0; path = FDSoundActivatedRecorder.app; sourceTree = BUILT_PRODUCTS_DIR; };
		D9D295811C5DBDDC00EC3A7B /* AppDelegate.swift */ = {isa = PBXFileReference; lastKnownFileType = sourcecode.swift; path = AppDelegate.swift; sourceTree = "<group>"; };
		D9D295831C5DBDDC00EC3A7B /* ViewController.swift */ = {isa = PBXFileReference; lastKnownFileType = sourcecode.swift; path = ViewController.swift; sourceTree = "<group>"; };
		D9D295861C5DBDDC00EC3A7B /* Base */ = {isa = PBXFileReference; lastKnownFileType = file.storyboard; name = Base; path = Base.lproj/Main.storyboard; sourceTree = "<group>"; };
		D9D295881C5DBDDC00EC3A7B /* Assets.xcassets */ = {isa = PBXFileReference; lastKnownFileType = folder.assetcatalog; path = Assets.xcassets; sourceTree = "<group>"; };
		D9D2958B1C5DBDDC00EC3A7B /* Base */ = {isa = PBXFileReference; lastKnownFileType = file.storyboard; name = Base; path = Base.lproj/LaunchScreen.storyboard; sourceTree = "<group>"; };
		D9D2958D1C5DBDDC00EC3A7B /* Info.plist */ = {isa = PBXFileReference; lastKnownFileType = text.plist.xml; path = Info.plist; sourceTree = "<group>"; };
		D9D295921C5DBDDD00EC3A7B /* FDSoundActivatedRecorderTests.xctest */ = {isa = PBXFileReference; explicitFileType = wrapper.cfbundle; includeInIndex = 0; path = FDSoundActivatedRecorderTests.xctest; sourceTree = BUILT_PRODUCTS_DIR; };
		D9D295961C5DBDDD00EC3A7B /* FDSoundActivatedRecorderTests.swift */ = {isa = PBXFileReference; lastKnownFileType = sourcecode.swift; path = FDSoundActivatedRecorderTests.swift; sourceTree = "<group>"; };
		D9D295981C5DBDDD00EC3A7B /* Info.plist */ = {isa = PBXFileReference; lastKnownFileType = text.plist.xml; path = Info.plist; sourceTree = "<group>"; };
		D9D295A11C5DBDFF00EC3A7B /* FDSoundActivatedRecorder.swift */ = {isa = PBXFileReference; fileEncoding = 4; lastKnownFileType = sourcecode.swift; path = FDSoundActivatedRecorder.swift; sourceTree = "<group>"; };
/* End PBXFileReference section */

/* Begin PBXFrameworksBuildPhase section */
		D9D2957B1C5DBDDC00EC3A7B /* Frameworks */ = {
			isa = PBXFrameworksBuildPhase;
			buildActionMask = 2147483647;
			files = (
			);
			runOnlyForDeploymentPostprocessing = 0;
		};
		D9D2958F1C5DBDDD00EC3A7B /* Frameworks */ = {
			isa = PBXFrameworksBuildPhase;
			buildActionMask = 2147483647;
			files = (
			);
			runOnlyForDeploymentPostprocessing = 0;
		};
/* End PBXFrameworksBuildPhase section */

/* Begin PBXGroup section */
		D9D295751C5DBDDC00EC3A7B = {
			isa = PBXGroup;
			children = (
				D9D295A11C5DBDFF00EC3A7B /* FDSoundActivatedRecorder.swift */,
				D9D295801C5DBDDC00EC3A7B /* FDSoundActivatedRecorder */,
				D9D295951C5DBDDD00EC3A7B /* FDSoundActivatedRecorderTests */,
				D9D2957F1C5DBDDC00EC3A7B /* Products */,
			);
			sourceTree = "<group>";
		};
		D9D2957F1C5DBDDC00EC3A7B /* Products */ = {
			isa = PBXGroup;
			children = (
				D9D2957E1C5DBDDC00EC3A7B /* FDSoundActivatedRecorder.app */,
				D9D295921C5DBDDD00EC3A7B /* FDSoundActivatedRecorderTests.xctest */,
			);
			name = Products;
			sourceTree = "<group>";
		};
		D9D295801C5DBDDC00EC3A7B /* FDSoundActivatedRecorder */ = {
			isa = PBXGroup;
			children = (
				D9D295811C5DBDDC00EC3A7B /* AppDelegate.swift */,
				D9D295831C5DBDDC00EC3A7B /* ViewController.swift */,
				D9D295851C5DBDDC00EC3A7B /* Main.storyboard */,
				D9D295881C5DBDDC00EC3A7B /* Assets.xcassets */,
				D9D2958A1C5DBDDC00EC3A7B /* LaunchScreen.storyboard */,
				D9D2958D1C5DBDDC00EC3A7B /* Info.plist */,
			);
			path = FDSoundActivatedRecorder;
			sourceTree = "<group>";
		};
		D9D295951C5DBDDD00EC3A7B /* FDSoundActivatedRecorderTests */ = {
			isa = PBXGroup;
			children = (
				D9D295961C5DBDDD00EC3A7B /* FDSoundActivatedRecorderTests.swift */,
				D9D295981C5DBDDD00EC3A7B /* Info.plist */,
			);
			path = FDSoundActivatedRecorderTests;
			sourceTree = "<group>";
		};
/* End PBXGroup section */

/* Begin PBXNativeTarget section */
		D9D2957D1C5DBDDC00EC3A7B /* FDSoundActivatedRecorder */ = {
			isa = PBXNativeTarget;
			buildConfigurationList = D9D2959B1C5DBDDD00EC3A7B /* Build configuration list for PBXNativeTarget "FDSoundActivatedRecorder" */;
			buildPhases = (
				D9D2957A1C5DBDDC00EC3A7B /* Sources */,
				D9D2957B1C5DBDDC00EC3A7B /* Frameworks */,
				D9D2957C1C5DBDDC00EC3A7B /* Resources */,
			);
			buildRules = (
			);
			dependencies = (
			);
			name = FDSoundActivatedRecorder;
			productName = FDSoundActivatedRecorder;
			productReference = D9D2957E1C5DBDDC00EC3A7B /* FDSoundActivatedRecorder.app */;
			productType = "com.apple.product-type.application";
		};
		D9D295911C5DBDDD00EC3A7B /* FDSoundActivatedRecorderTests */ = {
			isa = PBXNativeTarget;
			buildConfigurationList = D9D2959E1C5DBDDD00EC3A7B /* Build configuration list for PBXNativeTarget "FDSoundActivatedRecorderTests" */;
			buildPhases = (
				D9D2958E1C5DBDDD00EC3A7B /* Sources */,
				D9D2958F1C5DBDDD00EC3A7B /* Frameworks */,
				D9D295901C5DBDDD00EC3A7B /* Resources */,
			);
			buildRules = (
			);
			dependencies = (
				D9D295941C5DBDDD00EC3A7B /* PBXTargetDependency */,
			);
			name = FDSoundActivatedRecorderTests;
			productName = FDSoundActivatedRecorderTests;
			productReference = D9D295921C5DBDDD00EC3A7B /* FDSoundActivatedRecorderTests.xctest */;
			productType = "com.apple.product-type.bundle.unit-test";
		};
/* End PBXNativeTarget section */

/* Begin PBXProject section */
		D9D295761C5DBDDC00EC3A7B /* Project object */ = {
			isa = PBXProject;
			attributes = {
				LastSwiftUpdateCheck = 0720;
				LastUpgradeCheck = 0720;
				ORGANIZATIONNAME = "William Entriken";
				TargetAttributes = {
					D9D2957D1C5DBDDC00EC3A7B = {
						CreatedOnToolsVersion = 7.2;
					};
					D9D295911C5DBDDD00EC3A7B = {
						CreatedOnToolsVersion = 7.2;
						TestTargetID = D9D2957D1C5DBDDC00EC3A7B;
					};
				};
			};
			buildConfigurationList = D9D295791C5DBDDC00EC3A7B /* Build configuration list for PBXProject "FDSoundActivatedRecorder" */;
			compatibilityVersion = "Xcode 3.2";
			developmentRegion = English;
			hasScannedForEncodings = 0;
			knownRegions = (
				en,
				Base,
			);
			mainGroup = D9D295751C5DBDDC00EC3A7B;
			productRefGroup = D9D2957F1C5DBDDC00EC3A7B /* Products */;
			projectDirPath = "";
			projectRoot = "";
			targets = (
				D9D2957D1C5DBDDC00EC3A7B /* FDSoundActivatedRecorder */,
				D9D295911C5DBDDD00EC3A7B /* FDSoundActivatedRecorderTests */,
			);
		};
/* End PBXProject section */

/* Begin PBXResourcesBuildPhase section */
		D9D2957C1C5DBDDC00EC3A7B /* Resources */ = {
			isa = PBXResourcesBuildPhase;
			buildActionMask = 2147483647;
			files = (
				D9D2958C1C5DBDDC00EC3A7B /* LaunchScreen.storyboard in Resources */,
				D9D295891C5DBDDC00EC3A7B /* Assets.xcassets in Resources */,
				D9D295871C5DBDDC00EC3A7B /* Main.storyboard in Resources */,
			);
			runOnlyForDeploymentPostprocessing = 0;
		};
		D9D295901C5DBDDD00EC3A7B /* Resources */ = {
			isa = PBXResourcesBuildPhase;
			buildActionMask = 2147483647;
			files = (
			);
			runOnlyForDeploymentPostprocessing = 0;
		};
/* End PBXResourcesBuildPhase section */

/* Begin PBXSourcesBuildPhase section */
		D9D2957A1C5DBDDC00EC3A7B /* Sources */ = {
			isa = PBXSourcesBuildPhase;
			buildActionMask = 2147483647;
			files = (
				D9D295841C5DBDDC00EC3A7B /* ViewController.swift in Sources */,
				D9D295821C5DBDDC00EC3A7B /* AppDelegate.swift in Sources */,
				D9D295A21C5DBDFF00EC3A7B /* FDSoundActivatedRecorder.swift in Sources */,
			);
			runOnlyForDeploymentPostprocessing = 0;
		};
		D9D2958E1C5DBDDD00EC3A7B /* Sources */ = {
			isa = PBXSourcesBuildPhase;
			buildActionMask = 2147483647;
			files = (
				D9D295971C5DBDDD00EC3A7B /* FDSoundActivatedRecorderTests.swift in Sources */,
			);
			runOnlyForDeploymentPostprocessing = 0;
		};
/* End PBXSourcesBuildPhase section */

/* Begin PBXTargetDependency section */
		D9D295941C5DBDDD00EC3A7B /* PBXTargetDependency */ = {
			isa = PBXTargetDependency;
			target = D9D2957D1C5DBDDC00EC3A7B /* FDSoundActivatedRecorder */;
			targetProxy = D9D295931C5DBDDD00EC3A7B /* PBXContainerItemProxy */;
		};
/* End PBXTargetDependency section */

/* Begin PBXVariantGroup section */
		D9D295851C5DBDDC00EC3A7B /* Main.storyboard */ = {
			isa = PBXVariantGroup;
			children = (
				D9D295861C5DBDDC00EC3A7B /* Base */,
			);
			name = Main.storyboard;
			sourceTree = "<group>";
		};
		D9D2958A1C5DBDDC00EC3A7B /* LaunchScreen.storyboard */ = {
			isa = PBXVariantGroup;
			children = (
				D9D2958B1C5DBDDC00EC3A7B /* Base */,
			);
			name = LaunchScreen.storyboard;
			sourceTree = "<group>";
		};
/* End PBXVariantGroup section */

/* Begin XCBuildConfiguration section */
		D9D295991C5DBDDD00EC3A7B /* Debug */ = {
			isa = XCBuildConfiguration;
			buildSettings = {
				ALWAYS_SEARCH_USER_PATHS = NO;
				CLANG_CXX_LANGUAGE_STANDARD = "gnu++0x";
				CLANG_CXX_LIBRARY = "libc++";
				CLANG_ENABLE_MODULES = YES;
				CLANG_ENABLE_OBJC_ARC = YES;
				CLANG_WARN_BOOL_CONVERSION = YES;
				CLANG_WARN_CONSTANT_CONVERSION = YES;
				CLANG_WARN_DIRECT_OBJC_ISA_USAGE = YES_ERROR;
				CLANG_WARN_EMPTY_BODY = YES;
				CLANG_WARN_ENUM_CONVERSION = YES;
				CLANG_WARN_INT_CONVERSION = YES;
				CLANG_WARN_OBJC_ROOT_CLASS = YES_ERROR;
				CLANG_WARN_UNREACHABLE_CODE = YES;
				CLANG_WARN__DUPLICATE_METHOD_MATCH = YES;
				"CODE_SIGN_IDENTITY[sdk=iphoneos*]" = "iPhone Developer";
				COPY_PHASE_STRIP = NO;
				DEBUG_INFORMATION_FORMAT = dwarf;
				ENABLE_STRICT_OBJC_MSGSEND = YES;
				ENABLE_TESTABILITY = YES;
				GCC_C_LANGUAGE_STANDARD = gnu99;
				GCC_DYNAMIC_NO_PIC = NO;
				GCC_NO_COMMON_BLOCKS = YES;
				GCC_OPTIMIZATION_LEVEL = 0;
				GCC_PREPROCESSOR_DEFINITIONS = (
					"DEBUG=1",
					"$(inherited)",
				);
				GCC_WARN_64_TO_32_BIT_CONVERSION = YES;
				GCC_WARN_ABOUT_RETURN_TYPE = YES_ERROR;
				GCC_WARN_UNDECLARED_SELECTOR = YES;
				GCC_WARN_UNINITIALIZED_AUTOS = YES_AGGRESSIVE;
				GCC_WARN_UNUSED_FUNCTION = YES;
				GCC_WARN_UNUSED_VARIABLE = YES;
				IPHONEOS_DEPLOYMENT_TARGET = 9.2;
				MTL_ENABLE_DEBUG_INFO = YES;
				ONLY_ACTIVE_ARCH = YES;
				SDKROOT = iphoneos;
				SWIFT_OPTIMIZATION_LEVEL = "-Onone";
				TARGETED_DEVICE_FAMILY = "1,2";
			};
			name = Debug;
		};
		D9D2959A1C5DBDDD00EC3A7B /* Release */ = {
			isa = XCBuildConfiguration;
			buildSettings = {
				ALWAYS_SEARCH_USER_PATHS = NO;
				CLANG_CXX_LANGUAGE_STANDARD = "gnu++0x";
				CLANG_CXX_LIBRARY = "libc++";
				CLANG_ENABLE_MODULES = YES;
				CLANG_ENABLE_OBJC_ARC = YES;
				CLANG_WARN_BOOL_CONVERSION = YES;
				CLANG_WARN_CONSTANT_CONVERSION = YES;
				CLANG_WARN_DIRECT_OBJC_ISA_USAGE = YES_ERROR;
				CLANG_WARN_EMPTY_BODY = YES;
				CLANG_WARN_ENUM_CONVERSION = YES;
				CLANG_WARN_INT_CONVERSION = YES;
				CLANG_WARN_OBJC_ROOT_CLASS = YES_ERROR;
				CLANG_WARN_UNREACHABLE_CODE = YES;
				CLANG_WARN__DUPLICATE_METHOD_MATCH = YES;
				"CODE_SIGN_IDENTITY[sdk=iphoneos*]" = "iPhone Developer";
				COPY_PHASE_STRIP = NO;
				DEBUG_INFORMATION_FORMAT = "dwarf-with-dsym";
				ENABLE_NS_ASSERTIONS = NO;
				ENABLE_STRICT_OBJC_MSGSEND = YES;
				GCC_C_LANGUAGE_STANDARD = gnu99;
				GCC_NO_COMMON_BLOCKS = YES;
				GCC_WARN_64_TO_32_BIT_CONVERSION = YES;
				GCC_WARN_ABOUT_RETURN_TYPE = YES_ERROR;
				GCC_WARN_UNDECLARED_SELECTOR = YES;
				GCC_WARN_UNINITIALIZED_AUTOS = YES_AGGRESSIVE;
				GCC_WARN_UNUSED_FUNCTION = YES;
				GCC_WARN_UNUSED_VARIABLE = YES;
				IPHONEOS_DEPLOYMENT_TARGET = 9.2;
				MTL_ENABLE_DEBUG_INFO = NO;
				SDKROOT = iphoneos;
				TARGETED_DEVICE_FAMILY = "1,2";
				VALIDATE_PRODUCT = YES;
			};
			name = Release;
		};
		D9D2959C1C5DBDDD00EC3A7B /* Debug */ = {
			isa = XCBuildConfiguration;
			buildSettings = {
				ASSETCATALOG_COMPILER_APPICON_NAME = AppIcon;
				INFOPLIST_FILE = FDSoundActivatedRecorder/Info.plist;
				IPHONEOS_DEPLOYMENT_TARGET = 8.0;
				LD_RUNPATH_SEARCH_PATHS = "$(inherited) @executable_path/Frameworks";
				PRODUCT_BUNDLE_IDENTIFIER = net.phor.FDSoundActivatedRecorder;
				PRODUCT_NAME = "$(TARGET_NAME)";
			};
			name = Debug;
		};
		D9D2959D1C5DBDDD00EC3A7B /* Release */ = {
			isa = XCBuildConfiguration;
			buildSettings = {
				ASSETCATALOG_COMPILER_APPICON_NAME = AppIcon;
				INFOPLIST_FILE = FDSoundActivatedRecorder/Info.plist;
				IPHONEOS_DEPLOYMENT_TARGET = 8.0;
				LD_RUNPATH_SEARCH_PATHS = "$(inherited) @executable_path/Frameworks";
				PRODUCT_BUNDLE_IDENTIFIER = net.phor.FDSoundActivatedRecorder;
				PRODUCT_NAME = "$(TARGET_NAME)";
			};
			name = Release;
		};
		D9D2959F1C5DBDDD00EC3A7B /* Debug */ = {
			isa = XCBuildConfiguration;
			buildSettings = {
				BUNDLE_LOADER = "$(TEST_HOST)";
				INFOPLIST_FILE = FDSoundActivatedRecorderTests/Info.plist;
				LD_RUNPATH_SEARCH_PATHS = "$(inherited) @executable_path/Frameworks @loader_path/Frameworks";
				PRODUCT_BUNDLE_IDENTIFIER = net.phor.FDSoundActivatedRecorderTests;
				PRODUCT_NAME = "$(TARGET_NAME)";
				TEST_HOST = "$(BUILT_PRODUCTS_DIR)/FDSoundActivatedRecorder.app/FDSoundActivatedRecorder";
			};
			name = Debug;
		};
		D9D295A01C5DBDDD00EC3A7B /* Release */ = {
			isa = XCBuildConfiguration;
			buildSettings = {
				BUNDLE_LOADER = "$(TEST_HOST)";
				INFOPLIST_FILE = FDSoundActivatedRecorderTests/Info.plist;
				LD_RUNPATH_SEARCH_PATHS = "$(inherited) @executable_path/Frameworks @loader_path/Frameworks";
				PRODUCT_BUNDLE_IDENTIFIER = net.phor.FDSoundActivatedRecorderTests;
				PRODUCT_NAME = "$(TARGET_NAME)";
				TEST_HOST = "$(BUILT_PRODUCTS_DIR)/FDSoundActivatedRecorder.app/FDSoundActivatedRecorder";
			};
			name = Release;
		};
/* End XCBuildConfiguration section */

/* Begin XCConfigurationList section */
		D9D295791C5DBDDC00EC3A7B /* Build configuration list for PBXProject "FDSoundActivatedRecorder" */ = {
			isa = XCConfigurationList;
			buildConfigurations = (
				D9D295991C5DBDDD00EC3A7B /* Debug */,
				D9D2959A1C5DBDDD00EC3A7B /* Release */,
			);
			defaultConfigurationIsVisible = 0;
			defaultConfigurationName = Release;
		};
		D9D2959B1C5DBDDD00EC3A7B /* Build configuration list for PBXNativeTarget "FDSoundActivatedRecorder" */ = {
			isa = XCConfigurationList;
			buildConfigurations = (
				D9D2959C1C5DBDDD00EC3A7B /* Debug */,
				D9D2959D1C5DBDDD00EC3A7B /* Release */,
			);
			defaultConfigurationIsVisible = 0;
		};
		D9D2959E1C5DBDDD00EC3A7B /* Build configuration list for PBXNativeTarget "FDSoundActivatedRecorderTests" */ = {
			isa = XCConfigurationList;
			buildConfigurations = (
				D9D2959F1C5DBDDD00EC3A7B /* Debug */,
				D9D295A01C5DBDDD00EC3A7B /* Release */,
			);
			defaultConfigurationIsVisible = 0;
		};
/* End XCConfigurationList section */
	};
	rootObject = D9D295761C5DBDDC00EC3A7B /* Project object */;
}
